
Microsoft Visual Studio Solution File, Format Version 12.00
# Visual Studio Version 17
VisualStudioVersion = 17.8.34330.188
MinimumVisualStudioVersion = 10.0.40219.1
Project("{9A19103F-16F7-4668-BE54-9A1E7A4F7556}") = "Data model", "ef-core-asset-tracking\Data model.csproj", "{4A7D6113-AE49-4270-8696-3AE2F0990FEE}"
EndProject
Global
	GlobalSection(SolutionConfigurationPlatforms) = preSolution
		Debug|Any CPU = Debug|Any CPU
		Release|Any CPU = Release|Any CPU
	EndGlobalSection
	GlobalSection(ProjectConfigurationPlatforms) = postSolution
		{4A7D6113-AE49-4270-8696-3AE2F0990FEE}.Debug|Any CPU.ActiveCfg = Debug|Any CPU
		{4A7D6113-AE49-4270-8696-3AE2F0990FEE}.Debug|Any CPU.Build.0 = Debug|Any CPU
		{4A7D6113-AE49-4270-8696-3AE2F0990FEE}.Release|Any CPU.ActiveCfg = Release|Any CPU
		{4A7D6113-AE49-4270-8696-3AE2F0990FEE}.Release|Any CPU.Build.0 = Release|Any CPU
	EndGlobalSection
	GlobalSection(SolutionProperties) = preSolution
		HideSolutionNode = FALSE
	EndGlobalSection
	GlobalSection(ExtensibilityGlobals) = postSolution
		SolutionGuid = {F2382945-CCF9-4991-9F47-83DDD2B35D41}
	EndGlobalSection
EndGlobal
